
Microsoft Visual Studio Solution File, Format Version 12.00
# Visual Studio 15
VisualStudioVersion = 15.0.27130.2036
MinimumVisualStudioVersion = 10.0.40219.1
Project("{2150E333-8FDC-42A3-9474-1A3956D46DE8}") = "Services", "Services", "{0010BF95-980C-46D2-BDAB-A9B9488F7145}"
EndProject
Project("{2150E333-8FDC-42A3-9474-1A3956D46DE8}") = "src", "src", "{DCC7C3E3-ECC3-498E-AA2A-E6BF9AD2EDBB}"
EndProject
Project("{9A19103F-16F7-4668-BE54-9A1E7A4F7556}") = "ProductCatalogApi", "src\Services\ProductCatalogApi\ProductCatalogApi.csproj", "{8D2F57F9-7E16-4F84-9B3E-8917F2951482}"
EndProject
Project("{2150E333-8FDC-42A3-9474-1A3956D46DE8}") = "solution items", "solution items", "{DE4FCFB8-3838-4F33-BC29-875C2D61F284}"
	ProjectSection(SolutionItems) = preProject
		docker-compose.yml = docker-compose.yml
	EndProjectSection
EndProject
Project("{2150E333-8FDC-42A3-9474-1A3956D46DE8}") = "Db", "Db", "{3ECBE030-6C6A-4380-9AD3-872F6A7B6ADA}"
	ProjectSection(SolutionItems) = preProject
		src\Db\Dockerfile = src\Db\Dockerfile
	EndProjectSection
EndProject
Project("{2150E333-8FDC-42A3-9474-1A3956D46DE8}") = "Web", "Web", "{B2876904-485E-4910-9B73-98400E673B98}"
EndProject
Project("{FAE04EC0-301F-11D3-BF4B-00C04F79EFBC}") = "WebMvc", "src\Web\WebMvc\WebMvc.csproj", "{80E97683-0A8E-4601-A1CB-BE5BA02E1FDB}"
EndProject
Global
	GlobalSection(SolutionConfigurationPlatforms) = preSolution
		Debug|Any CPU = Debug|Any CPU
		Release|Any CPU = Release|Any CPU
	EndGlobalSection
	GlobalSection(ProjectConfigurationPlatforms) = postSolution
		{8D2F57F9-7E16-4F84-9B3E-8917F2951482}.Debug|Any CPU.ActiveCfg = Debug|Any CPU
		{8D2F57F9-7E16-4F84-9B3E-8917F2951482}.Debug|Any CPU.Build.0 = Debug|Any CPU
		{8D2F57F9-7E16-4F84-9B3E-8917F2951482}.Release|Any CPU.ActiveCfg = Release|Any CPU
		{8D2F57F9-7E16-4F84-9B3E-8917F2951482}.Release|Any CPU.Build.0 = Release|Any CPU
		{80E97683-0A8E-4601-A1CB-BE5BA02E1FDB}.Debug|Any CPU.ActiveCfg = Debug|Any CPU
		{80E97683-0A8E-4601-A1CB-BE5BA02E1FDB}.Debug|Any CPU.Build.0 = Debug|Any CPU
		{80E97683-0A8E-4601-A1CB-BE5BA02E1FDB}.Release|Any CPU.ActiveCfg = Release|Any CPU
		{80E97683-0A8E-4601-A1CB-BE5BA02E1FDB}.Release|Any CPU.Build.0 = Release|Any CPU
	EndGlobalSection
	GlobalSection(SolutionProperties) = preSolution
		HideSolutionNode = FALSE
	EndGlobalSection
	GlobalSection(NestedProjects) = preSolution
		{0010BF95-980C-46D2-BDAB-A9B9488F7145} = {DCC7C3E3-ECC3-498E-AA2A-E6BF9AD2EDBB}
		{8D2F57F9-7E16-4F84-9B3E-8917F2951482} = {0010BF95-980C-46D2-BDAB-A9B9488F7145}
		{3ECBE030-6C6A-4380-9AD3-872F6A7B6ADA} = {DCC7C3E3-ECC3-498E-AA2A-E6BF9AD2EDBB}
		{B2876904-485E-4910-9B73-98400E673B98} = {DCC7C3E3-ECC3-498E-AA2A-E6BF9AD2EDBB}
		{80E97683-0A8E-4601-A1CB-BE5BA02E1FDB} = {B2876904-485E-4910-9B73-98400E673B98}
	EndGlobalSection
	GlobalSection(ExtensibilityGlobals) = postSolution
		SolutionGuid = {56ABA58F-599F-42A3-A0C4-24F1FD2C13C2}
	EndGlobalSection
EndGlobal
